// !$*UTF8*$!
{
	archiveVersion = 1;
	classes = {
	};
	objectVersion = 56;
	objects = {

/* Begin PBXBuildFile section */
		D15BC9252A969AD9006E1FFE /* UIViewControllerExt.swift in Sources */ = {isa = PBXBuildFile; fileRef = D15BC9242A969AD9006E1FFE /* UIViewControllerExt.swift */; };
		D16FD7992A9628B8005544B6 /* AppDelegate.swift in Sources */ = {isa = PBXBuildFile; fileRef = D16FD7982A9628B8005544B6 /* AppDelegate.swift */; };
		D16FD79B2A9628B8005544B6 /* SceneDelegate.swift in Sources */ = {isa = PBXBuildFile; fileRef = D16FD79A2A9628B8005544B6 /* SceneDelegate.swift */; };
		D16FD7A02A9628B8005544B6 /* MainStoryboard.storyboard in Resources */ = {isa = PBXBuildFile; fileRef = D16FD79E2A9628B8005544B6 /* MainStoryboard.storyboard */; };
		D16FD7A22A9628B8005544B6 /* Assets.xcassets in Resources */ = {isa = PBXBuildFile; fileRef = D16FD7A12A9628B8005544B6 /* Assets.xcassets */; };
		D16FD7A52A9628B8005544B6 /* LaunchScreen.storyboard in Resources */ = {isa = PBXBuildFile; fileRef = D16FD7A32A9628B8005544B6 /* LaunchScreen.storyboard */; };
		D16FD7AF2A962C14005544B6 /* SignInStoryboard.storyboard in Resources */ = {isa = PBXBuildFile; fileRef = D16FD7AE2A962C14005544B6 /* SignInStoryboard.storyboard */; };
		D16FD7B12A962FF9005544B6 /* SignUpStoryboard.storyboard in Resources */ = {isa = PBXBuildFile; fileRef = D16FD7B02A962FF9005544B6 /* SignUpStoryboard.storyboard */; };
		D16FD7B42A963E61005544B6 /* SignInVC.swift in Sources */ = {isa = PBXBuildFile; fileRef = D16FD7B32A963E61005544B6 /* SignInVC.swift */; };
		D16FD7B62A965A4C005544B6 /* CreateAccountVC.swift in Sources */ = {isa = PBXBuildFile; fileRef = D16FD7B52A965A4C005544B6 /* CreateAccountVC.swift */; };
/* End PBXBuildFile section */

/* Begin PBXFileReference section */
		D15BC9242A969AD9006E1FFE /* UIViewControllerExt.swift */ = {isa = PBXFileReference; lastKnownFileType = sourcecode.swift; path = UIViewControllerExt.swift; sourceTree = "<group>"; };
		D16FD7952A9628B8005544B6 /* SignInUp App.app */ = {isa = PBXFileReference; explicitFileType = wrapper.application; includeInIndex = 0; path = "SignInUp App.app"; sourceTree = BUILT_PRODUCTS_DIR; };
		D16FD7982A9628B8005544B6 /* AppDelegate.swift */ = {isa = PBXFileReference; lastKnownFileType = sourcecode.swift; path = AppDelegate.swift; sourceTree = "<group>"; };
		D16FD79A2A9628B8005544B6 /* SceneDelegate.swift */ = {isa = PBXFileReference; lastKnownFileType = sourcecode.swift; path = SceneDelegate.swift; sourceTree = "<group>"; };
		D16FD79F2A9628B8005544B6 /* Base */ = {isa = PBXFileReference; lastKnownFileType = file.storyboard; name = Base; path = Base.lproj/MainStoryboard.storyboard; sourceTree = "<group>"; };
		D16FD7A12A9628B8005544B6 /* Assets.xcassets */ = {isa = PBXFileReference; lastKnownFileType = folder.assetcatalog; path = Assets.xcassets; sourceTree = "<group>"; };
		D16FD7A42A9628B8005544B6 /* Base */ = {isa = PBXFileReference; lastKnownFileType = file.storyboard; name = Base; path = Base.lproj/LaunchScreen.storyboard; sourceTree = "<group>"; };
		D16FD7A62A9628B8005544B6 /* Info.plist */ = {isa = PBXFileReference; lastKnownFileType = text.plist.xml; path = Info.plist; sourceTree = "<group>"; };
		D16FD7AE2A962C14005544B6 /* SignInStoryboard.storyboard */ = {isa = PBXFileReference; lastKnownFileType = file.storyboard; path = SignInStoryboard.storyboard; sourceTree = "<group>"; };
		D16FD7B02A962FF9005544B6 /* SignUpStoryboard.storyboard */ = {isa = PBXFileReference; lastKnownFileType = file.storyboard; path = SignUpStoryboard.storyboard; sourceTree = "<group>"; };
		D16FD7B32A963E61005544B6 /* SignInVC.swift */ = {isa = PBXFileReference; lastKnownFileType = sourcecode.swift; path = SignInVC.swift; sourceTree = "<group>"; };
		D16FD7B52A965A4C005544B6 /* CreateAccountVC.swift */ = {isa = PBXFileReference; lastKnownFileType = sourcecode.swift; path = CreateAccountVC.swift; sourceTree = "<group>"; };
/* End PBXFileReference section */

/* Begin PBXFrameworksBuildPhase section */
		D16FD7922A9628B8005544B6 /* Frameworks */ = {
			isa = PBXFrameworksBuildPhase;
			buildActionMask = 2147483647;
			files = (
			);
			runOnlyForDeploymentPostprocessing = 0;
		};
/* End PBXFrameworksBuildPhase section */

/* Begin PBXGroup section */
		D15BC9232A969ABD006E1FFE /* Extensions */ = {
			isa = PBXGroup;
			children = (
				D15BC9242A969AD9006E1FFE /* UIViewControllerExt.swift */,
			);
			path = Extensions;
			sourceTree = "<group>";
		};
		D16FD78C2A9628B8005544B6 = {
			isa = PBXGroup;
			children = (
				D16FD7972A9628B8005544B6 /* SignInUp App */,
				D16FD7962A9628B8005544B6 /* Products */,
			);
			sourceTree = "<group>";
		};
		D16FD7962A9628B8005544B6 /* Products */ = {
			isa = PBXGroup;
			children = (
				D16FD7952A9628B8005544B6 /* SignInUp App.app */,
			);
			name = Products;
			sourceTree = "<group>";
		};
		D16FD7972A9628B8005544B6 /* SignInUp App */ = {
			isa = PBXGroup;
			children = (
				D15BC9232A969ABD006E1FFE /* Extensions */,
				D16FD7B22A963D4B005544B6 /* Controllers */,
				D16FD7AD2A96297A005544B6 /* Views */,
				D16FD7A12A9628B8005544B6 /* Assets.xcassets */,
				D16FD7A62A9628B8005544B6 /* Info.plist */,
				D16FD7AC2A96291D005544B6 /* AppDelegate */,
			);
			path = "SignInUp App";
			sourceTree = "<group>";
		};
		D16FD7AC2A96291D005544B6 /* AppDelegate */ = {
			isa = PBXGroup;
			children = (
				D16FD7982A9628B8005544B6 /* AppDelegate.swift */,
				D16FD79A2A9628B8005544B6 /* SceneDelegate.swift */,
			);
			path = AppDelegate;
			sourceTree = "<group>";
		};
		D16FD7AD2A96297A005544B6 /* Views */ = {
			isa = PBXGroup;
			children = (
				D16FD7A32A9628B8005544B6 /* LaunchScreen.storyboard */,
				D16FD7AE2A962C14005544B6 /* SignInStoryboard.storyboard */,
				D16FD7B02A962FF9005544B6 /* SignUpStoryboard.storyboard */,
				D16FD79E2A9628B8005544B6 /* MainStoryboard.storyboard */,
			);
			path = Views;
			sourceTree = "<group>";
		};
		D16FD7B22A963D4B005544B6 /* Controllers */ = {
			isa = PBXGroup;
			children = (
				D16FD7B32A963E61005544B6 /* SignInVC.swift */,
				D16FD7B52A965A4C005544B6 /* CreateAccountVC.swift */,
			);
			path = Controllers;
			sourceTree = "<group>";
		};
/* End PBXGroup section */

/* Begin PBXNativeTarget section */
		D16FD7942A9628B8005544B6 /* SignInUp App */ = {
			isa = PBXNativeTarget;
			buildConfigurationList = D16FD7A92A9628B8005544B6 /* Build configuration list for PBXNativeTarget "SignInUp App" */;
			buildPhases = (
				D16FD7912A9628B8005544B6 /* Sources */,
				D16FD7922A9628B8005544B6 /* Frameworks */,
				D16FD7932A9628B8005544B6 /* Resources */,
			);
			buildRules = (
			);
			dependencies = (
			);
			name = "SignInUp App";
			productName = "SignInUp App";
			productReference = D16FD7952A9628B8005544B6 /* SignInUp App.app */;
			productType = "com.apple.product-type.application";
		};
/* End PBXNativeTarget section */

/* Begin PBXProject section */
		D16FD78D2A9628B8005544B6 /* Project object */ = {
			isa = PBXProject;
			attributes = {
				BuildIndependentTargetsInParallel = 1;
				LastSwiftUpdateCheck = 1430;
				LastUpgradeCheck = 1430;
				TargetAttributes = {
					D16FD7942A9628B8005544B6 = {
						CreatedOnToolsVersion = 14.3.1;
					};
				};
			};
			buildConfigurationList = D16FD7902A9628B8005544B6 /* Build configuration list for PBXProject "SignInUp App" */;
			compatibilityVersion = "Xcode 14.0";
			developmentRegion = en;
			hasScannedForEncodings = 0;
			knownRegions = (
				en,
				Base,
			);
			mainGroup = D16FD78C2A9628B8005544B6;
			productRefGroup = D16FD7962A9628B8005544B6 /* Products */;
			projectDirPath = "";
			projectRoot = "";
			targets = (
				D16FD7942A9628B8005544B6 /* SignInUp App */,
			);
		};
/* End PBXProject section */

/* Begin PBXResourcesBuildPhase section */
		D16FD7932A9628B8005544B6 /* Resources */ = {
			isa = PBXResourcesBuildPhase;
			buildActionMask = 2147483647;
			files = (
				D16FD7B12A962FF9005544B6 /* SignUpStoryboard.storyboard in Resources */,
				D16FD7A52A9628B8005544B6 /* LaunchScreen.storyboard in Resources */,
				D16FD7A22A9628B8005544B6 /* Assets.xcassets in Resources */,
				D16FD7A02A9628B8005544B6 /* MainStoryboard.storyboard in Resources */,
				D16FD7AF2A962C14005544B6 /* SignInStoryboard.storyboard in Resources */,
			);
			runOnlyForDeploymentPostprocessing = 0;
		};
/* End PBXResourcesBuildPhase section */

/* Begin PBXSourcesBuildPhase section */
		D16FD7912A9628B8005544B6 /* Sources */ = {
			isa = PBXSourcesBuildPhase;
			buildActionMask = 2147483647;
			files = (
				D15BC9252A969AD9006E1FFE /* UIViewControllerExt.swift in Sources */,
				D16FD7992A9628B8005544B6 /* AppDelegate.swift in Sources */,
				D16FD79B2A9628B8005544B6 /* SceneDelegate.swift in Sources */,
				D16FD7B62A965A4C005544B6 /* CreateAccountVC.swift in Sources */,
				D16FD7B42A963E61005544B6 /* SignInVC.swift in Sources */,
			);
			runOnlyForDeploymentPostprocessing = 0;
		};
/* End PBXSourcesBuildPhase section */

/* Begin PBXVariantGroup section */
		D16FD79E2A9628B8005544B6 /* MainStoryboard.storyboard */ = {
			isa = PBXVariantGroup;
			children = (
				D16FD79F2A9628B8005544B6 /* Base */,
			);
			name = MainStoryboard.storyboard;
			sourceTree = "<group>";
		};
		D16FD7A32A9628B8005544B6 /* LaunchScreen.storyboard */ = {
			isa = PBXVariantGroup;
			children = (
				D16FD7A42A9628B8005544B6 /* Base */,
			);
			name = LaunchScreen.storyboard;
			sourceTree = "<group>";
		};
/* End PBXVariantGroup section */

/* Begin XCBuildConfiguration section */
		D16FD7A72A9628B8005544B6 /* Debug */ = {
			isa = XCBuildConfiguration;
			buildSettings = {
				ALWAYS_SEARCH_USER_PATHS = NO;
				CLANG_ANALYZER_NONNULL = YES;
				CLANG_ANALYZER_NUMBER_OBJECT_CONVERSION = YES_AGGRESSIVE;
				CLANG_CXX_LANGUAGE_STANDARD = "gnu++20";
				CLANG_ENABLE_MODULES = YES;
				CLANG_ENABLE_OBJC_ARC = YES;
				CLANG_ENABLE_OBJC_WEAK = YES;
				CLANG_WARN_BLOCK_CAPTURE_AUTORELEASING = YES;
				CLANG_WARN_BOOL_CONVERSION = YES;
				CLANG_WARN_COMMA = YES;
				CLANG_WARN_CONSTANT_CONVERSION = YES;
				CLANG_WARN_DEPRECATED_OBJC_IMPLEMENTATIONS = YES;
				CLANG_WARN_DIRECT_OBJC_ISA_USAGE = YES_ERROR;
				CLANG_WARN_DOCUMENTATION_COMMENTS = YES;
				CLANG_WARN_EMPTY_BODY = YES;
				CLANG_WARN_ENUM_CONVERSION = YES;
				CLANG_WARN_INFINITE_RECURSION = YES;
				CLANG_WARN_INT_CONVERSION = YES;
				CLANG_WARN_NON_LITERAL_NULL_CONVERSION = YES;
				CLANG_WARN_OBJC_IMPLICIT_RETAIN_SELF = YES;
				CLANG_WARN_OBJC_LITERAL_CONVERSION = YES;
				CLANG_WARN_OBJC_ROOT_CLASS = YES_ERROR;
				CLANG_WARN_QUOTED_INCLUDE_IN_FRAMEWORK_HEADER = YES;
				CLANG_WARN_RANGE_LOOP_ANALYSIS = YES;
				CLANG_WARN_STRICT_PROTOTYPES = YES;
				CLANG_WARN_SUSPICIOUS_MOVE = YES;
				CLANG_WARN_UNGUARDED_AVAILABILITY = YES_AGGRESSIVE;
				CLANG_WARN_UNREACHABLE_CODE = YES;
				CLANG_WARN__DUPLICATE_METHOD_MATCH = YES;
				COPY_PHASE_STRIP = NO;
				DEBUG_INFORMATION_FORMAT = dwarf;
				ENABLE_STRICT_OBJC_MSGSEND = YES;
				ENABLE_TESTABILITY = YES;
				GCC_C_LANGUAGE_STANDARD = gnu11;
				GCC_DYNAMIC_NO_PIC = NO;
				GCC_NO_COMMON_BLOCKS = YES;
				GCC_OPTIMIZATION_LEVEL = 0;
				GCC_PREPROCESSOR_DEFINITIONS = (
					"DEBUG=1",
					"$(inherited)",
				);
				GCC_WARN_64_TO_32_BIT_CONVERSION = YES;
				GCC_WARN_ABOUT_RETURN_TYPE = YES_ERROR;
				GCC_WARN_UNDECLARED_SELECTOR = YES;
				GCC_WARN_UNINITIALIZED_AUTOS = YES_AGGRESSIVE;
				GCC_WARN_UNUSED_FUNCTION = YES;
				GCC_WARN_UNUSED_VARIABLE = YES;
				IPHONEOS_DEPLOYMENT_TARGET = 16.4;
				MTL_ENABLE_DEBUG_INFO = INCLUDE_SOURCE;
				MTL_FAST_MATH = YES;
				ONLY_ACTIVE_ARCH = YES;
				SDKROOT = iphoneos;
				SWIFT_ACTIVE_COMPILATION_CONDITIONS = DEBUG;
				SWIFT_OPTIMIZATION_LEVEL = "-Onone";
			};
			name = Debug;
		};
		D16FD7A82A9628B8005544B6 /* Release */ = {
			isa = XCBuildConfiguration;
			buildSettings = {
				ALWAYS_SEARCH_USER_PATHS = NO;
				CLANG_ANALYZER_NONNULL = YES;
				CLANG_ANALYZER_NUMBER_OBJECT_CONVERSION = YES_AGGRESSIVE;
				CLANG_CXX_LANGUAGE_STANDARD = "gnu++20";
				CLANG_ENABLE_MODULES = YES;
				CLANG_ENABLE_OBJC_ARC = YES;
				CLANG_ENABLE_OBJC_WEAK = YES;
				CLANG_WARN_BLOCK_CAPTURE_AUTORELEASING = YES;
				CLANG_WARN_BOOL_CONVERSION = YES;
				CLANG_WARN_COMMA = YES;
				CLANG_WARN_CONSTANT_CONVERSION = YES;
				CLANG_WARN_DEPRECATED_OBJC_IMPLEMENTATIONS = YES;
				CLANG_WARN_DIRECT_OBJC_ISA_USAGE = YES_ERROR;
				CLANG_WARN_DOCUMENTATION_COMMENTS = YES;
				CLANG_WARN_EMPTY_BODY = YES;
				CLANG_WARN_ENUM_CONVERSION = YES;
				CLANG_WARN_INFINITE_RECURSION = YES;
				CLANG_WARN_INT_CONVERSION = YES;
				CLANG_WARN_NON_LITERAL_NULL_CONVERSION = YES;
				CLANG_WARN_OBJC_IMPLICIT_RETAIN_SELF = YES;
				CLANG_WARN_OBJC_LITERAL_CONVERSION = YES;
				CLANG_WARN_OBJC_ROOT_CLASS = YES_ERROR;
				CLANG_WARN_QUOTED_INCLUDE_IN_FRAMEWORK_HEADER = YES;
				CLANG_WARN_RANGE_LOOP_ANALYSIS = YES;
				CLANG_WARN_STRICT_PROTOTYPES = YES;
				CLANG_WARN_SUSPICIOUS_MOVE = YES;
				CLANG_WARN_UNGUARDED_AVAILABILITY = YES_AGGRESSIVE;
				CLANG_WARN_UNREACHABLE_CODE = YES;
				CLANG_WARN__DUPLICATE_METHOD_MATCH = YES;
				COPY_PHASE_STRIP = NO;
				DEBUG_INFORMATION_FORMAT = "dwarf-with-dsym";
				ENABLE_NS_ASSERTIONS = NO;
				ENABLE_STRICT_OBJC_MSGSEND = YES;
				GCC_C_LANGUAGE_STANDARD = gnu11;
				GCC_NO_COMMON_BLOCKS = YES;
				GCC_WARN_64_TO_32_BIT_CONVERSION = YES;
				GCC_WARN_ABOUT_RETURN_TYPE = YES_ERROR;
				GCC_WARN_UNDECLARED_SELECTOR = YES;
				GCC_WARN_UNINITIALIZED_AUTOS = YES_AGGRESSIVE;
				GCC_WARN_UNUSED_FUNCTION = YES;
				GCC_WARN_UNUSED_VARIABLE = YES;
				IPHONEOS_DEPLOYMENT_TARGET = 16.4;
				MTL_ENABLE_DEBUG_INFO = NO;
				MTL_FAST_MATH = YES;
				SDKROOT = iphoneos;
				SWIFT_COMPILATION_MODE = wholemodule;
				SWIFT_OPTIMIZATION_LEVEL = "-O";
				VALIDATE_PRODUCT = YES;
			};
			name = Release;
		};
		D16FD7AA2A9628B8005544B6 /* Debug */ = {
			isa = XCBuildConfiguration;
			buildSettings = {
				ASSETCATALOG_COMPILER_APPICON_NAME = AppIcon;
				ASSETCATALOG_COMPILER_GLOBAL_ACCENT_COLOR_NAME = AccentColor;
				CODE_SIGN_STYLE = Automatic;
				CURRENT_PROJECT_VERSION = 1;
				DEVELOPMENT_TEAM = 2BFD7M72TY;
				GENERATE_INFOPLIST_FILE = YES;
				INFOPLIST_FILE = "SignInUp App/Info.plist";
				INFOPLIST_KEY_UIApplicationSupportsIndirectInputEvents = YES;
				INFOPLIST_KEY_UILaunchStoryboardName = LaunchScreen;
				INFOPLIST_KEY_UIMainStoryboardFile = SignInStoryboard;
				INFOPLIST_KEY_UIStatusBarStyle = "";
				INFOPLIST_KEY_UISupportedInterfaceOrientations = UIInterfaceOrientationPortrait;
				INFOPLIST_KEY_UISupportedInterfaceOrientations_iPad = "UIInterfaceOrientationLandscapeLeft UIInterfaceOrientationLandscapeRight UIInterfaceOrientationPortrait UIInterfaceOrientationPortraitUpsideDown";
				LD_RUNPATH_SEARCH_PATHS = (
					"$(inherited)",
					"@executable_path/Frameworks",
				);
				MARKETING_VERSION = 1.0.1;
				PRODUCT_BUNDLE_IDENTIFIER = "com.yourcompany.SignInUp-App";
				PRODUCT_NAME = "$(TARGET_NAME)";
				SUPPORTED_PLATFORMS = "iphoneos iphonesimulator";
				SUPPORTS_MACCATALYST = NO;
				SUPPORTS_MAC_DESIGNED_FOR_IPHONE_IPAD = NO;
				SWIFT_EMIT_LOC_STRINGS = YES;
				SWIFT_VERSION = 5.0;
				TARGETED_DEVICE_FAMILY = 1;
			};
			name = Debug;
		};
		D16FD7AB2A9628B8005544B6 /* Release */ = {
			isa = XCBuildConfiguration;
			buildSettings = {
				ASSETCATALOG_COMPILER_APPICON_NAME = AppIcon;
				ASSETCATALOG_COMPILER_GLOBAL_ACCENT_COLOR_NAME = AccentColor;
				CODE_SIGN_STYLE = Automatic;
				CURRENT_PROJECT_VERSION = 1;
				DEVELOPMENT_TEAM = 2BFD7M72TY;
				GENERATE_INFOPLIST_FILE = YES;
				INFOPLIST_FILE = "SignInUp App/Info.plist";
				INFOPLIST_KEY_UIApplicationSupportsIndirectInputEvents = YES;
				INFOPLIST_KEY_UILaunchStoryboardName = LaunchScreen;
				INFOPLIST_KEY_UIMainStoryboardFile = SignInStoryboard;
				INFOPLIST_KEY_UIStatusBarStyle = "";
				INFOPLIST_KEY_UISupportedInterfaceOrientations = UIInterfaceOrientationPortrait;
				INFOPLIST_KEY_UISupportedInterfaceOrientations_iPad = "UIInterfaceOrientationLandscapeLeft UIInterfaceOrientationLandscapeRight UIInterfaceOrientationPortrait UIInterfaceOrientationPortraitUpsideDown";
				LD_RUNPATH_SEARCH_PATHS = (
					"$(inherited)",
					"@executable_path/Frameworks",
				);
				MARKETING_VERSION = 1.0.1;
				PRODUCT_BUNDLE_IDENTIFIER = "com.yourcompany.SignInUp-App";
				PRODUCT_NAME = "$(TARGET_NAME)";
				SUPPORTED_PLATFORMS = "iphoneos iphonesimulator";
				SUPPORTS_MACCATALYST = NO;
				SUPPORTS_MAC_DESIGNED_FOR_IPHONE_IPAD = NO;
				SWIFT_EMIT_LOC_STRINGS = YES;
				SWIFT_VERSION = 5.0;
				TARGETED_DEVICE_FAMILY = 1;
			};
			name = Release;
		};
/* End XCBuildConfiguration section */

/* Begin XCConfigurationList section */
		D16FD7902A9628B8005544B6 /* Build configuration list for PBXProject "SignInUp App" */ = {
			isa = XCConfigurationList;
			buildConfigurations = (
				D16FD7A72A9628B8005544B6 /* Debug */,
				D16FD7A82A9628B8005544B6 /* Release */,
			);
			defaultConfigurationIsVisible = 0;
			defaultConfigurationName = Release;
		};
		D16FD7A92A9628B8005544B6 /* Build configuration list for PBXNativeTarget "SignInUp App" */ = {
			isa = XCConfigurationList;
			buildConfigurations = (
				D16FD7AA2A9628B8005544B6 /* Debug */,
				D16FD7AB2A9628B8005544B6 /* Release */,
			);
			defaultConfigurationIsVisible = 0;
			defaultConfigurationName = Release;
		};
/* End XCConfigurationList section */
	};
	rootObject = D16FD78D2A9628B8005544B6 /* Project object */;
}
